{
  "originHash" : "5d92abe455ee8c38338fb30da2427b3035ed2674508fb0b7a6ff29aeb59e7992",
  "pins" : [
    {
      "identity" : "swift-core",
      "kind" : "remoteSourceControl",
      "location" : "https://github.com/vsmbd/swift-core.git",
      "state" : {
        "branch" : "main",
        "revision" : "5b542ebd5b5c2a0e9bd52625fea3efe1d4d195a7"
      }
    }
  ],
  "version" : 3
}
