{
  "originHash" : "5d92abe455ee8c38338fb30da2427b3035ed2674508fb0b7a6ff29aeb59e7992",
  "pins" : [
    {
      "identity" : "swift-core",
      "kind" : "remoteSourceControl",
      "location" : "https://github.com/vsmbd/swift-core.git",
      "state" : {
        "branch" : "main",
        "revision" : "ba2b539065b7623760e28ac3db4a8180b9535ac4"
      }
    }
  ],
  "version" : 3
}
